dependencies:
- name: grafana
  repository: https://grafana.github.io/helm-charts
  version: 10.3.0
- name: kube-prometheus-stack
  repository: https://prometheus-community.github.io/helm-charts
  version: 79.12.0
digest: sha256:99d717f3033dd917e905b193a0836173f5b7f5c6a47d2b5e1d2105617f968436
generated: "2025-12-05T23:43:27.9410403+01:00"
